
Microsoft Visual Studio Solution File, Format Version 12.00
# 
Project("{2150E333-8FDC-42A3-9474-1A3956D46DE8}") = "src", "src", "{872EC84E-4F79-4F7D-9785-C63113581004}"
EndProject
Project("{FAE04EC0-301F-11D3-BF4B-00C04F79EFBC}") = "Faraday.Domain", "src\Faraday.Domain\Faraday.Domain.csproj", "{B745F0DC-4E8C-4930-99BE-CE0C68820D9F}"
EndProject
Project("{FAE04EC0-301F-11D3-BF4B-00C04F79EFBC}") = "Faraday.Application", "src\Faraday.Application\Faraday.Application.csproj", "{9C9ADD69-1203-4D7C-91FF-DB42F7498A02}"
EndProject
Project("{FAE04EC0-301F-11D3-BF4B-00C04F79EFBC}") = "Faraday.Infrastructure", "src\Faraday.Infrastructure\Faraday.Infrastructure.csproj", "{9D4A91B3-3C9F-4178-9D66-B7ED31F949B2}"
EndProject
Project("{2150E333-8FDC-42A3-9474-1A3956D46DE8}") = "tests", "tests", "{A00E60D5-B5F6-4CE9-B836-9609351032C6}"
EndProject
Project("{FAE04EC0-301F-11D3-BF4B-00C04F79EFBC}") = "Faraday.Domain.Tests", "tests\Faraday.Domain.Tests\Faraday.Domain.Tests.csproj", "{A263D6B2-66F2-42D2-AF5A-C06ED8FBCA01}"
EndProject
Project("{FAE04EC0-301F-11D3-BF4B-00C04F79EFBC}") = "Faraday.Application.Tests", "tests\Faraday.Application.Tests\Faraday.Application.Tests.csproj", "{6A2A2A00-C83E-449B-B88E-57D25F91E250}"
EndProject
Project("{FAE04EC0-301F-11D3-BF4B-00C04F79EFBC}") = "Faraday.UI", "src\Faraday.UI\Faraday.UI.csproj", "{45549409-8FAB-440F-8F57-FB9D757A18E0}"
EndProject
Global
	GlobalSection(SolutionConfigurationPlatforms) = preSolution
		Debug|Any CPU = Debug|Any CPU
		Release|Any CPU = Release|Any CPU
	EndGlobalSection
	GlobalSection(ProjectConfigurationPlatforms) = postSolution
		{E36B09A7-0E71-4B16-B55F-F857EDAE2324}.Debug|Any CPU.ActiveCfg = Debug|Any CPU
		{E36B09A7-0E71-4B16-B55F-F857EDAE2324}.Debug|Any CPU.Build.0 = Debug|Any CPU
		{E36B09A7-0E71-4B16-B55F-F857EDAE2324}.Release|Any CPU.ActiveCfg = Release|Any CPU
		{E36B09A7-0E71-4B16-B55F-F857EDAE2324}.Release|Any CPU.Build.0 = Release|Any CPU
		{B745F0DC-4E8C-4930-99BE-CE0C68820D9F}.Debug|Any CPU.ActiveCfg = Debug|Any CPU
		{B745F0DC-4E8C-4930-99BE-CE0C68820D9F}.Debug|Any CPU.Build.0 = Debug|Any CPU
		{B745F0DC-4E8C-4930-99BE-CE0C68820D9F}.Release|Any CPU.ActiveCfg = Release|Any CPU
		{B745F0DC-4E8C-4930-99BE-CE0C68820D9F}.Release|Any CPU.Build.0 = Release|Any CPU
		{9C9ADD69-1203-4D7C-91FF-DB42F7498A02}.Debug|Any CPU.ActiveCfg = Debug|Any CPU
		{9C9ADD69-1203-4D7C-91FF-DB42F7498A02}.Debug|Any CPU.Build.0 = Debug|Any CPU
		{9C9ADD69-1203-4D7C-91FF-DB42F7498A02}.Release|Any CPU.ActiveCfg = Release|Any CPU
		{9C9ADD69-1203-4D7C-91FF-DB42F7498A02}.Release|Any CPU.Build.0 = Release|Any CPU
		{9D4A91B3-3C9F-4178-9D66-B7ED31F949B2}.Debug|Any CPU.ActiveCfg = Debug|Any CPU
		{9D4A91B3-3C9F-4178-9D66-B7ED31F949B2}.Debug|Any CPU.Build.0 = Debug|Any CPU
		{9D4A91B3-3C9F-4178-9D66-B7ED31F949B2}.Release|Any CPU.ActiveCfg = Release|Any CPU
		{9D4A91B3-3C9F-4178-9D66-B7ED31F949B2}.Release|Any CPU.Build.0 = Release|Any CPU
		{A263D6B2-66F2-42D2-AF5A-C06ED8FBCA01}.Debug|Any CPU.ActiveCfg = Debug|Any CPU
		{A263D6B2-66F2-42D2-AF5A-C06ED8FBCA01}.Debug|Any CPU.Build.0 = Debug|Any CPU
		{A263D6B2-66F2-42D2-AF5A-C06ED8FBCA01}.Release|Any CPU.ActiveCfg = Release|Any CPU
		{A263D6B2-66F2-42D2-AF5A-C06ED8FBCA01}.Release|Any CPU.Build.0 = Release|Any CPU
		{6A2A2A00-C83E-449B-B88E-57D25F91E250}.Debug|Any CPU.ActiveCfg = Debug|Any CPU
		{6A2A2A00-C83E-449B-B88E-57D25F91E250}.Debug|Any CPU.Build.0 = Debug|Any CPU
		{6A2A2A00-C83E-449B-B88E-57D25F91E250}.Release|Any CPU.ActiveCfg = Release|Any CPU
		{6A2A2A00-C83E-449B-B88E-57D25F91E250}.Release|Any CPU.Build.0 = Release|Any CPU
		{45549409-8FAB-440F-8F57-FB9D757A18E0}.Debug|Any CPU.ActiveCfg = Debug|Any CPU
		{45549409-8FAB-440F-8F57-FB9D757A18E0}.Debug|Any CPU.Build.0 = Debug|Any CPU
		{45549409-8FAB-440F-8F57-FB9D757A18E0}.Release|Any CPU.ActiveCfg = Release|Any CPU
		{45549409-8FAB-440F-8F57-FB9D757A18E0}.Release|Any CPU.Build.0 = Release|Any CPU
	EndGlobalSection
	GlobalSection(NestedProjects) = preSolution
		{B745F0DC-4E8C-4930-99BE-CE0C68820D9F} = {872EC84E-4F79-4F7D-9785-C63113581004}
		{9C9ADD69-1203-4D7C-91FF-DB42F7498A02} = {872EC84E-4F79-4F7D-9785-C63113581004}
		{9D4A91B3-3C9F-4178-9D66-B7ED31F949B2} = {872EC84E-4F79-4F7D-9785-C63113581004}
		{A263D6B2-66F2-42D2-AF5A-C06ED8FBCA01} = {A00E60D5-B5F6-4CE9-B836-9609351032C6}
		{6A2A2A00-C83E-449B-B88E-57D25F91E250} = {A00E60D5-B5F6-4CE9-B836-9609351032C6}
		{45549409-8FAB-440F-8F57-FB9D757A18E0} = {872EC84E-4F79-4F7D-9785-C63113581004}
	EndGlobalSection
EndGlobal
